
Microsoft Visual Studio Solution File, Format Version 12.00
# Visual Studio Version 17
VisualStudioVersion = 17.5.33424.131
MinimumVisualStudioVersion = 10.0.40219.1
Project("{FAE04EC0-301F-11D3-BF4B-00C04F79EFBC}") = "Orca.API", "Orca.API\Orca.API.csproj", "{76D6B2C4-7A23-47A9-8025-DCA1073A625F}"
EndProject
Project("{FAE04EC0-301F-11D3-BF4B-00C04F79EFBC}") = "Orca.Domain", "Orca.Domain\Orca.Domain.csproj", "{7EAA6BD1-7896-4D03-9D62-9A32D36D9775}"
EndProject
Project("{FAE04EC0-301F-11D3-BF4B-00C04F79EFBC}") = "Orca.Infrastructure", "Orca.Infrastructure\Orca.Infrastructure.csproj", "{D65B107C-5D6C-448F-B1DE-0BB6133C6E01}"
EndProject
Global
	GlobalSection(SolutionConfigurationPlatforms) = preSolution
		Debug|Any CPU = Debug|Any CPU
		Release|Any CPU = Release|Any CPU
	EndGlobalSection
	GlobalSection(ProjectConfigurationPlatforms) = postSolution
		{76D6B2C4-7A23-47A9-8025-DCA1073A625F}.Debug|Any CPU.ActiveCfg = Debug|Any CPU
		{76D6B2C4-7A23-47A9-8025-DCA1073A625F}.Debug|Any CPU.Build.0 = Debug|Any CPU
		{76D6B2C4-7A23-47A9-8025-DCA1073A625F}.Release|Any CPU.ActiveCfg = Release|Any CPU
		{76D6B2C4-7A23-47A9-8025-DCA1073A625F}.Release|Any CPU.Build.0 = Release|Any CPU
		{7EAA6BD1-7896-4D03-9D62-9A32D36D9775}.Debug|Any CPU.ActiveCfg = Debug|Any CPU
		{7EAA6BD1-7896-4D03-9D62-9A32D36D9775}.Debug|Any CPU.Build.0 = Debug|Any CPU
		{7EAA6BD1-7896-4D03-9D62-9A32D36D9775}.Release|Any CPU.ActiveCfg = Release|Any CPU
		{7EAA6BD1-7896-4D03-9D62-9A32D36D9775}.Release|Any CPU.Build.0 = Release|Any CPU
		{D65B107C-5D6C-448F-B1DE-0BB6133C6E01}.Debug|Any CPU.ActiveCfg = Debug|Any CPU
		{D65B107C-5D6C-448F-B1DE-0BB6133C6E01}.Debug|Any CPU.Build.0 = Debug|Any CPU
		{D65B107C-5D6C-448F-B1DE-0BB6133C6E01}.Release|Any CPU.ActiveCfg = Release|Any CPU
		{D65B107C-5D6C-448F-B1DE-0BB6133C6E01}.Release|Any CPU.Build.0 = Release|Any CPU
	EndGlobalSection
	GlobalSection(SolutionProperties) = preSolution
		HideSolutionNode = FALSE
	EndGlobalSection
	GlobalSection(ExtensibilityGlobals) = postSolution
		SolutionGuid = {1F581CCD-4ED4-4B6B-81C4-B2066B63DE40}
	EndGlobalSection
EndGlobal
